// !$*UTF8*$!
{
	archiveVersion = 1;
	classes = {
	};
	objectVersion = 55;
	objects = {

/* Begin PBXBuildFile section */
		425868022818CCA4001CD176 /* AppDelegate.swift in Sources */ = {isa = PBXBuildFile; fileRef = 425868012818CCA4001CD176 /* AppDelegate.swift */; };
		425868042818CCA4001CD176 /* SceneDelegate.swift in Sources */ = {isa = PBXBuildFile; fileRef = 425868032818CCA4001CD176 /* SceneDelegate.swift */; };
		425868062818CCA4001CD176 /* ViewController.swift in Sources */ = {isa = PBXBuildFile; fileRef = 425868052818CCA4001CD176 /* ViewController.swift */; };
		425868092818CCA4001CD176 /* Main.storyboard in Resources */ = {isa = PBXBuildFile; fileRef = 425868072818CCA4001CD176 /* Main.storyboard */; };
		4258680C2818CCA4001CD176 /* Nano_Challenge_1.xcdatamodeld in Sources */ = {isa = PBXBuildFile; fileRef = 4258680A2818CCA4001CD176 /* Nano_Challenge_1.xcdatamodeld */; };
		4258680E2818CCA5001CD176 /* Assets.xcassets in Resources */ = {isa = PBXBuildFile; fileRef = 4258680D2818CCA5001CD176 /* Assets.xcassets */; };
		425868112818CCA5001CD176 /* LaunchScreen.storyboard in Resources */ = {isa = PBXBuildFile; fileRef = 4258680F2818CCA5001CD176 /* LaunchScreen.storyboard */; };
/* End PBXBuildFile section */

/* Begin PBXFileReference section */
		425867FE2818CCA4001CD176 /* Nano_Challenge_1.app */ = {isa = PBXFileReference; explicitFileType = wrapper.application; includeInIndex = 0; path = Nano_Challenge_1.app; sourceTree = BUILT_PRODUCTS_DIR; };
		425868012818CCA4001CD176 /* AppDelegate.swift */ = {isa = PBXFileReference; lastKnownFileType = sourcecode.swift; path = AppDelegate.swift; sourceTree = "<group>"; };
		425868032818CCA4001CD176 /* SceneDelegate.swift */ = {isa = PBXFileReference; lastKnownFileType = sourcecode.swift; path = SceneDelegate.swift; sourceTree = "<group>"; };
		425868052818CCA4001CD176 /* ViewController.swift */ = {isa = PBXFileReference; lastKnownFileType = sourcecode.swift; path = ViewController.swift; sourceTree = "<group>"; };
		425868082818CCA4001CD176 /* Base */ = {isa = PBXFileReference; lastKnownFileType = file.storyboard; name = Base; path = Base.lproj/Main.storyboard; sourceTree = "<group>"; };
		4258680B2818CCA4001CD176 /* Nano_Challenge_1.xcdatamodel */ = {isa = PBXFileReference; lastKnownFileType = wrapper.xcdatamodel; path = Nano_Challenge_1.xcdatamodel; sourceTree = "<group>"; };
		4258680D2818CCA5001CD176 /* Assets.xcassets */ = {isa = PBXFileReference; lastKnownFileType = folder.assetcatalog; path = Assets.xcassets; sourceTree = "<group>"; };
		425868102818CCA5001CD176 /* Base */ = {isa = PBXFileReference; lastKnownFileType = file.storyboard; name = Base; path = Base.lproj/LaunchScreen.storyboard; sourceTree = "<group>"; };
		425868122818CCA5001CD176 /* Info.plist */ = {isa = PBXFileReference; lastKnownFileType = text.plist.xml; path = Info.plist; sourceTree = "<group>"; };
/* End PBXFileReference section */

/* Begin PBXFrameworksBuildPhase section */
		425867FB2818CCA4001CD176 /* Frameworks */ = {
			isa = PBXFrameworksBuildPhase;
			buildActionMask = 2147483647;
			files = (
			);
			runOnlyForDeploymentPostprocessing = 0;
		};
/* End PBXFrameworksBuildPhase section */

/* Begin PBXGroup section */
		425867F52818CCA4001CD176 = {
			isa = PBXGroup;
			children = (
				425868002818CCA4001CD176 /* Nano_Challenge_1 */,
				425867FF2818CCA4001CD176 /* Products */,
			);
			sourceTree = "<group>";
		};
		425867FF2818CCA4001CD176 /* Products */ = {
			isa = PBXGroup;
			children = (
				425867FE2818CCA4001CD176 /* Nano_Challenge_1.app */,
			);
			name = Products;
			sourceTree = "<group>";
		};
		425868002818CCA4001CD176 /* Nano_Challenge_1 */ = {
			isa = PBXGroup;
			children = (
				425868012818CCA4001CD176 /* AppDelegate.swift */,
				425868032818CCA4001CD176 /* SceneDelegate.swift */,
				425868052818CCA4001CD176 /* ViewController.swift */,
				425868072818CCA4001CD176 /* Main.storyboard */,
				4258680D2818CCA5001CD176 /* Assets.xcassets */,
				4258680F2818CCA5001CD176 /* LaunchScreen.storyboard */,
				425868122818CCA5001CD176 /* Info.plist */,
				4258680A2818CCA4001CD176 /* Nano_Challenge_1.xcdatamodeld */,
			);
			path = Nano_Challenge_1;
			sourceTree = "<group>";
		};
/* End PBXGroup section */

/* Begin PBXNativeTarget section */
		425867FD2818CCA4001CD176 /* Nano_Challenge_1 */ = {
			isa = PBXNativeTarget;
			buildConfigurationList = 425868152818CCA5001CD176 /* Build configuration list for PBXNativeTarget "Nano_Challenge_1" */;
			buildPhases = (
				425867FA2818CCA4001CD176 /* Sources */,
				425867FB2818CCA4001CD176 /* Frameworks */,
				425867FC2818CCA4001CD176 /* Resources */,
			);
			buildRules = (
			);
			dependencies = (
			);
			name = Nano_Challenge_1;
			productName = Nano_Challenge_1;
			productReference = 425867FE2818CCA4001CD176 /* Nano_Challenge_1.app */;
			productType = "com.apple.product-type.application";
		};
/* End PBXNativeTarget section */

/* Begin PBXProject section */
		425867F62818CCA4001CD176 /* Project object */ = {
			isa = PBXProject;
			attributes = {
				BuildIndependentTargetsInParallel = 1;
				LastSwiftUpdateCheck = 1330;
				LastUpgradeCheck = 1330;
				TargetAttributes = {
					425867FD2818CCA4001CD176 = {
						CreatedOnToolsVersion = 13.3;
					};
				};
			};
			buildConfigurationList = 425867F92818CCA4001CD176 /* Build configuration list for PBXProject "Nano_Challenge_1" */;
			compatibilityVersion = "Xcode 13.0";
			developmentRegion = en;
			hasScannedForEncodings = 0;
			knownRegions = (
				en,
				Base,
			);
			mainGroup = 425867F52818CCA4001CD176;
			productRefGroup = 425867FF2818CCA4001CD176 /* Products */;
			projectDirPath = "";
			projectRoot = "";
			targets = (
				425867FD2818CCA4001CD176 /* Nano_Challenge_1 */,
			);
		};
/* End PBXProject section */

/* Begin PBXResourcesBuildPhase section */
		425867FC2818CCA4001CD176 /* Resources */ = {
			isa = PBXResourcesBuildPhase;
			buildActionMask = 2147483647;
			files = (
				425868112818CCA5001CD176 /* LaunchScreen.storyboard in Resources */,
				4258680E2818CCA5001CD176 /* Assets.xcassets in Resources */,
				425868092818CCA4001CD176 /* Main.storyboard in Resources */,
			);
			runOnlyForDeploymentPostprocessing = 0;
		};
/* End PBXResourcesBuildPhase section */

/* Begin PBXSourcesBuildPhase section */
		425867FA2818CCA4001CD176 /* Sources */ = {
			isa = PBXSourcesBuildPhase;
			buildActionMask = 2147483647;
			files = (
				425868062818CCA4001CD176 /* ViewController.swift in Sources */,
				425868022818CCA4001CD176 /* AppDelegate.swift in Sources */,
				425868042818CCA4001CD176 /* SceneDelegate.swift in Sources */,
				4258680C2818CCA4001CD176 /* Nano_Challenge_1.xcdatamodeld in Sources */,
			);
			runOnlyForDeploymentPostprocessing = 0;
		};
/* End PBXSourcesBuildPhase section */

/* Begin PBXVariantGroup section */
		425868072818CCA4001CD176 /* Main.storyboard */ = {
			isa = PBXVariantGroup;
			children = (
				425868082818CCA4001CD176 /* Base */,
			);
			name = Main.storyboard;
			sourceTree = "<group>";
		};
		4258680F2818CCA5001CD176 /* LaunchScreen.storyboard */ = {
			isa = PBXVariantGroup;
			children = (
				425868102818CCA5001CD176 /* Base */,
			);
			name = LaunchScreen.storyboard;
			sourceTree = "<group>";
		};
/* End PBXVariantGroup section */

/* Begin XCBuildConfiguration section */
		425868132818CCA5001CD176 /* Debug */ = {
			isa = XCBuildConfiguration;
			buildSettings = {
				ALWAYS_SEARCH_USER_PATHS = NO;
				CLANG_ANALYZER_NONNULL = YES;
				CLANG_ANALYZER_NUMBER_OBJECT_CONVERSION = YES_AGGRESSIVE;
				CLANG_CXX_LANGUAGE_STANDARD = "gnu++17";
				CLANG_ENABLE_MODULES = YES;
				CLANG_ENABLE_OBJC_ARC = YES;
				CLANG_ENABLE_OBJC_WEAK = YES;
				CLANG_WARN_BLOCK_CAPTURE_AUTORELEASING = YES;
				CLANG_WARN_BOOL_CONVERSION = YES;
				CLANG_WARN_COMMA = YES;
				CLANG_WARN_CONSTANT_CONVERSION = YES;
				CLANG_WARN_DEPRECATED_OBJC_IMPLEMENTATIONS = YES;
				CLANG_WARN_DIRECT_OBJC_ISA_USAGE = YES_ERROR;
				CLANG_WARN_DOCUMENTATION_COMMENTS = YES;
				CLANG_WARN_EMPTY_BODY = YES;
				CLANG_WARN_ENUM_CONVERSION = YES;
				CLANG_WARN_INFINITE_RECURSION = YES;
				CLANG_WARN_INT_CONVERSION = YES;
				CLANG_WARN_NON_LITERAL_NULL_CONVERSION = YES;
				CLANG_WARN_OBJC_IMPLICIT_RETAIN_SELF = YES;
				CLANG_WARN_OBJC_LITERAL_CONVERSION = YES;
				CLANG_WARN_OBJC_ROOT_CLASS = YES_ERROR;
				CLANG_WARN_QUOTED_INCLUDE_IN_FRAMEWORK_HEADER = YES;
				CLANG_WARN_RANGE_LOOP_ANALYSIS = YES;
				CLANG_WARN_STRICT_PROTOTYPES = YES;
				CLANG_WARN_SUSPICIOUS_MOVE = YES;
				CLANG_WARN_UNGUARDED_AVAILABILITY = YES_AGGRESSIVE;
				CLANG_WARN_UNREACHABLE_CODE = YES;
				CLANG_WARN__DUPLICATE_METHOD_MATCH = YES;
				COPY_PHASE_STRIP = NO;
				DEBUG_INFORMATION_FORMAT = dwarf;
				ENABLE_STRICT_OBJC_MSGSEND = YES;
				ENABLE_TESTABILITY = YES;
				GCC_C_LANGUAGE_STANDARD = gnu11;
				GCC_DYNAMIC_NO_PIC = NO;
				GCC_NO_COMMON_BLOCKS = YES;
				GCC_OPTIMIZATION_LEVEL = 0;
				GCC_PREPROCESSOR_DEFINITIONS = (
					"DEBUG=1",
					"$(inherited)",
				);
				GCC_WARN_64_TO_32_BIT_CONVERSION = YES;
				GCC_WARN_ABOUT_RETURN_TYPE = YES_ERROR;
				GCC_WARN_UNDECLARED_SELECTOR = YES;
				GCC_WARN_UNINITIALIZED_AUTOS = YES_AGGRESSIVE;
				GCC_WARN_UNUSED_FUNCTION = YES;
				GCC_WARN_UNUSED_VARIABLE = YES;
				IPHONEOS_DEPLOYMENT_TARGET = 15.4;
				MTL_ENABLE_DEBUG_INFO = INCLUDE_SOURCE;
				MTL_FAST_MATH = YES;
				ONLY_ACTIVE_ARCH = YES;
				SDKROOT = iphoneos;
				SWIFT_ACTIVE_COMPILATION_CONDITIONS = DEBUG;
				SWIFT_OPTIMIZATION_LEVEL = "-Onone";
			};
			name = Debug;
		};
		425868142818CCA5001CD176 /* Release */ = {
			isa = XCBuildConfiguration;
			buildSettings = {
				ALWAYS_SEARCH_USER_PATHS = NO;
				CLANG_ANALYZER_NONNULL = YES;
				CLANG_ANALYZER_NUMBER_OBJECT_CONVERSION = YES_AGGRESSIVE;
				CLANG_CXX_LANGUAGE_STANDARD = "gnu++17";
				CLANG_ENABLE_MODULES = YES;
				CLANG_ENABLE_OBJC_ARC = YES;
				CLANG_ENABLE_OBJC_WEAK = YES;
				CLANG_WARN_BLOCK_CAPTURE_AUTORELEASING = YES;
				CLANG_WARN_BOOL_CONVERSION = YES;
				CLANG_WARN_COMMA = YES;
				CLANG_WARN_CONSTANT_CONVERSION = YES;
				CLANG_WARN_DEPRECATED_OBJC_IMPLEMENTATIONS = YES;
				CLANG_WARN_DIRECT_OBJC_ISA_USAGE = YES_ERROR;
				CLANG_WARN_DOCUMENTATION_COMMENTS = YES;
				CLANG_WARN_EMPTY_BODY = YES;
				CLANG_WARN_ENUM_CONVERSION = YES;
				CLANG_WARN_INFINITE_RECURSION = YES;
				CLANG_WARN_INT_CONVERSION = YES;
				CLANG_WARN_NON_LITERAL_NULL_CONVERSION = YES;
				CLANG_WARN_OBJC_IMPLICIT_RETAIN_SELF = YES;
				CLANG_WARN_OBJC_LITERAL_CONVERSION = YES;
				CLANG_WARN_OBJC_ROOT_CLASS = YES_ERROR;
				CLANG_WARN_QUOTED_INCLUDE_IN_FRAMEWORK_HEADER = YES;
				CLANG_WARN_RANGE_LOOP_ANALYSIS = YES;
				CLANG_WARN_STRICT_PROTOTYPES = YES;
				CLANG_WARN_SUSPICIOUS_MOVE = YES;
				CLANG_WARN_UNGUARDED_AVAILABILITY = YES_AGGRESSIVE;
				CLANG_WARN_UNREACHABLE_CODE = YES;
				CLANG_WARN__DUPLICATE_METHOD_MATCH = YES;
				COPY_PHASE_STRIP = NO;
				DEBUG_INFORMATION_FORMAT = "dwarf-with-dsym";
				ENABLE_NS_ASSERTIONS = NO;
				ENABLE_STRICT_OBJC_MSGSEND = YES;
				GCC_C_LANGUAGE_STANDARD = gnu11;
				GCC_NO_COMMON_BLOCKS = YES;
				GCC_WARN_64_TO_32_BIT_CONVERSION = YES;
				GCC_WARN_ABOUT_RETURN_TYPE = YES_ERROR;
				GCC_WARN_UNDECLARED_SELECTOR = YES;
				GCC_WARN_UNINITIALIZED_AUTOS = YES_AGGRESSIVE;
				GCC_WARN_UNUSED_FUNCTION = YES;
				GCC_WARN_UNUSED_VARIABLE = YES;
				IPHONEOS_DEPLOYMENT_TARGET = 15.4;
				MTL_ENABLE_DEBUG_INFO = NO;
				MTL_FAST_MATH = YES;
				SDKROOT = iphoneos;
				SWIFT_COMPILATION_MODE = wholemodule;
				SWIFT_OPTIMIZATION_LEVEL = "-O";
				VALIDATE_PRODUCT = YES;
			};
			name = Release;
		};
		425868162818CCA5001CD176 /* Debug */ = {
			isa = XCBuildConfiguration;
			buildSettings = {
				ASSETCATALOG_COMPILER_APPICON_NAME = AppIcon;
				ASSETCATALOG_COMPILER_GLOBAL_ACCENT_COLOR_NAME = AccentColor;
				CODE_SIGN_STYLE = Automatic;
				CURRENT_PROJECT_VERSION = 1;
				DEVELOPMENT_TEAM = KJUW4SG84H;
				GENERATE_INFOPLIST_FILE = YES;
				INFOPLIST_FILE = Nano_Challenge_1/Info.plist;
				INFOPLIST_KEY_UIApplicationSupportsIndirectInputEvents = YES;
				INFOPLIST_KEY_UILaunchStoryboardName = LaunchScreen;
				INFOPLIST_KEY_UIMainStoryboardFile = Main;
				INFOPLIST_KEY_UISupportedInterfaceOrientations_iPad = "UIInterfaceOrientationPortrait UIInterfaceOrientationPortraitUpsideDown UIInterfaceOrientationLandscapeLeft UIInterfaceOrientationLandscapeRight";
				INFOPLIST_KEY_UISupportedInterfaceOrientations_iPhone = "UIInterfaceOrientationPortrait UIInterfaceOrientationLandscapeLeft UIInterfaceOrientationLandscapeRight";
				LD_RUNPATH_SEARCH_PATHS = (
					"$(inherited)",
					"@executable_path/Frameworks",
				);
				MARKETING_VERSION = 1.0;
				PRODUCT_BUNDLE_IDENTIFIER = "com.ada22.Nano-Challenge-1";
				PRODUCT_NAME = "$(TARGET_NAME)";
				SWIFT_EMIT_LOC_STRINGS = YES;
				SWIFT_VERSION = 5.0;
				TARGETED_DEVICE_FAMILY = "1,2";
			};
			name = Debug;
		};
		425868172818CCA5001CD176 /* Release */ = {
			isa = XCBuildConfiguration;
			buildSettings = {
				ASSETCATALOG_COMPILER_APPICON_NAME = AppIcon;
				ASSETCATALOG_COMPILER_GLOBAL_ACCENT_COLOR_NAME = AccentColor;
				CODE_SIGN_STYLE = Automatic;
				CURRENT_PROJECT_VERSION = 1;
				DEVELOPMENT_TEAM = KJUW4SG84H;
				GENERATE_INFOPLIST_FILE = YES;
				INFOPLIST_FILE = Nano_Challenge_1/Info.plist;
				INFOPLIST_KEY_UIApplicationSupportsIndirectInputEvents = YES;
				INFOPLIST_KEY_UILaunchStoryboardName = LaunchScreen;
				INFOPLIST_KEY_UIMainStoryboardFile = Main;
				INFOPLIST_KEY_UISupportedInterfaceOrientations_iPad = "UIInterfaceOrientationPortrait UIInterfaceOrientationPortraitUpsideDown UIInterfaceOrientationLandscapeLeft UIInterfaceOrientationLandscapeRight";
				INFOPLIST_KEY_UISupportedInterfaceOrientations_iPhone = "UIInterfaceOrientationPortrait UIInterfaceOrientationLandscapeLeft UIInterfaceOrientationLandscapeRight";
				LD_RUNPATH_SEARCH_PATHS = (
					"$(inherited)",
					"@executable_path/Frameworks",
				);
				MARKETING_VERSION = 1.0;
				PRODUCT_BUNDLE_IDENTIFIER = "com.ada22.Nano-Challenge-1";
				PRODUCT_NAME = "$(TARGET_NAME)";
				SWIFT_EMIT_LOC_STRINGS = YES;
				SWIFT_VERSION = 5.0;
				TARGETED_DEVICE_FAMILY = "1,2";
			};
			name = Release;
		};
/* End XCBuildConfiguration section */

/* Begin XCConfigurationList section */
		425867F92818CCA4001CD176 /* Build configuration list for PBXProject "Nano_Challenge_1" */ = {
			isa = XCConfigurationList;
			buildConfigurations = (
				425868132818CCA5001CD176 /* Debug */,
				425868142818CCA5001CD176 /* Release */,
			);
			defaultConfigurationIsVisible = 0;
			defaultConfigurationName = Release;
		};
		425868152818CCA5001CD176 /* Build configuration list for PBXNativeTarget "Nano_Challenge_1" */ = {
			isa = XCConfigurationList;
			buildConfigurations = (
				425868162818CCA5001CD176 /* Debug */,
				425868172818CCA5001CD176 /* Release */,
			);
			defaultConfigurationIsVisible = 0;
			defaultConfigurationName = Release;
		};
/* End XCConfigurationList section */

/* Begin XCVersionGroup section */
		4258680A2818CCA4001CD176 /* Nano_Challenge_1.xcdatamodeld */ = {
			isa = XCVersionGroup;
			children = (
				4258680B2818CCA4001CD176 /* Nano_Challenge_1.xcdatamodel */,
			);
			currentVersion = 4258680B2818CCA4001CD176 /* Nano_Challenge_1.xcdatamodel */;
			path = Nano_Challenge_1.xcdatamodeld;
			sourceTree = "<group>";
			versionGroupType = wrapper.xcdatamodel;
		};
/* End XCVersionGroup section */
	};
	rootObject = 425867F62818CCA4001CD176 /* Project object */;
}
